// !$*UTF8*$!
{
	archiveVersion = 1;
	classes = {
	};
	objectVersion = 46;
	objects = {

/* Begin PBXBuildFile section */
		2101E003182C0989003483F7 /* Foundation.framework in Frameworks */ = {isa = PBXBuildFile; fileRef = 2101E002182C0989003483F7 /* Foundation.framework */; };
		2101E005182C0989003483F7 /* CoreGraphics.framework in Frameworks */ = {isa = PBXBuildFile; fileRef = 2101E004182C0989003483F7 /* CoreGraphics.framework */; };
		2101E007182C0989003483F7 /* UIKit.framework in Frameworks */ = {isa = PBXBuildFile; fileRef = 2101E006182C0989003483F7 /* UIKit.framework */; };
		2101E00D182C0989003483F7 /* InfoPlist.strings in Resources */ = {isa = PBXBuildFile; fileRef = 2101E00B182C0989003483F7 /* InfoPlist.strings */; };
		2101E00F182C0989003483F7 /* main.m in Sources */ = {isa = PBXBuildFile; fileRef = 2101E00E182C0989003483F7 /* main.m */; };
		2101E013182C0989003483F7 /* AppDelegate.m in Sources */ = {isa = PBXBuildFile; fileRef = 2101E012182C0989003483F7 /* AppDelegate.m */; };
		2101E016182C098A003483F7 /* Main.storyboard in Resources */ = {isa = PBXBuildFile; fileRef = 2101E014182C098A003483F7 /* Main.storyboard */; };
		2101E019182C098A003483F7 /* GPSViewController.m in Sources */ = {isa = PBXBuildFile; fileRef = 2101E018182C098A003483F7 /* GPSViewController.m */; };
		2101E01B182C098A003483F7 /* Images.xcassets in Resources */ = {isa = PBXBuildFile; fileRef = 2101E01A182C098A003483F7 /* Images.xcassets */; };
		2101E022182C098A003483F7 /* XCTest.framework in Frameworks */ = {isa = PBXBuildFile; fileRef = 2101E021182C098A003483F7 /* XCTest.framework */; };
		2101E023182C098A003483F7 /* Foundation.framework in Frameworks */ = {isa = PBXBuildFile; fileRef = 2101E002182C0989003483F7 /* Foundation.framework */; };
		2101E024182C098A003483F7 /* UIKit.framework in Frameworks */ = {isa = PBXBuildFile; fileRef = 2101E006182C0989003483F7 /* UIKit.framework */; };
		2101E02C182C098A003483F7 /* InfoPlist.strings in Resources */ = {isa = PBXBuildFile; fileRef = 2101E02A182C098A003483F7 /* InfoPlist.strings */; };
		2101E02E182C098A003483F7 /* GPSAppTests.m in Sources */ = {isa = PBXBuildFile; fileRef = 2101E02D182C098A003483F7 /* GPSAppTests.m */; };
		2101E03D182C1BFA003483F7 /* GCDAsyncUdpSocket.m in Sources */ = {isa = PBXBuildFile; fileRef = 2101E03B182C1BFA003483F7 /* GCDAsyncUdpSocket.m */; };
		2101E03E182C1BFA003483F7 /* GCDAsyncUdpSocket.m in Sources */ = {isa = PBXBuildFile; fileRef = 2101E03B182C1BFA003483F7 /* GCDAsyncUdpSocket.m */; };
		2101E042182C61B8003483F7 /* CLLocation+Bearing.m in Sources */ = {isa = PBXBuildFile; fileRef = 2101E041182C61B8003483F7 /* CLLocation+Bearing.m */; };
		2101E043182C61B8003483F7 /* CLLocation+Bearing.m in Sources */ = {isa = PBXBuildFile; fileRef = 2101E041182C61B8003483F7 /* CLLocation+Bearing.m */; };
		2101E045182C9444003483F7 /* Green_Arrow.png in Resources */ = {isa = PBXBuildFile; fileRef = 2101E044182C9444003483F7 /* Green_Arrow.png */; };
		2101E046182C9444003483F7 /* Green_Arrow.png in Resources */ = {isa = PBXBuildFile; fileRef = 2101E044182C9444003483F7 /* Green_Arrow.png */; };
		2101E04B182D6EB1003483F7 /* stop.png in Resources */ = {isa = PBXBuildFile; fileRef = 2101E048182D6EB1003483F7 /* stop.png */; };
		2101E04C182D6EB1003483F7 /* stop.png in Resources */ = {isa = PBXBuildFile; fileRef = 2101E048182D6EB1003483F7 /* stop.png */; };
		2101E051182D7110003483F7 /* left_arrow.png in Resources */ = {isa = PBXBuildFile; fileRef = 2101E04D182D7110003483F7 /* left_arrow.png */; };
		2101E052182D7110003483F7 /* left_arrow.png in Resources */ = {isa = PBXBuildFile; fileRef = 2101E04D182D7110003483F7 /* left_arrow.png */; };
		2101E053182D7110003483F7 /* down_arrow.png in Resources */ = {isa = PBXBuildFile; fileRef = 2101E04E182D7110003483F7 /* down_arrow.png */; };
		2101E054182D7110003483F7 /* down_arrow.png in Resources */ = {isa = PBXBuildFile; fileRef = 2101E04E182D7110003483F7 /* down_arrow.png */; };
		2101E055182D7110003483F7 /* right_arrow.png in Resources */ = {isa = PBXBuildFile; fileRef = 2101E04F182D7110003483F7 /* right_arrow.png */; };
		2101E056182D7110003483F7 /* right_arrow.png in Resources */ = {isa = PBXBuildFile; fileRef = 2101E04F182D7110003483F7 /* right_arrow.png */; };
		2101E057182D7110003483F7 /* up_arrow.png in Resources */ = {isa = PBXBuildFile; fileRef = 2101E050182D7110003483F7 /* up_arrow.png */; };
		2101E058182D7110003483F7 /* up_arrow.png in Resources */ = {isa = PBXBuildFile; fileRef = 2101E050182D7110003483F7 /* up_arrow.png */; };
		2101E05B182D72CC003483F7 /* RemoteControlViewController.m in Sources */ = {isa = PBXBuildFile; fileRef = 2101E05A182D72CC003483F7 /* RemoteControlViewController.m */; };
		2101E05C182D72CC003483F7 /* RemoteControlViewController.m in Sources */ = {isa = PBXBuildFile; fileRef = 2101E05A182D72CC003483F7 /* RemoteControlViewController.m */; };
		2101E05E182D7F6E003483F7 /* earth.png in Resources */ = {isa = PBXBuildFile; fileRef = 2101E05D182D7F6E003483F7 /* earth.png */; };
		2101E05F182D7F6E003483F7 /* earth.png in Resources */ = {isa = PBXBuildFile; fileRef = 2101E05D182D7F6E003483F7 /* earth.png */; };
		2101E061182D824E003483F7 /* steeringWheel.png in Resources */ = {isa = PBXBuildFile; fileRef = 2101E060182D824E003483F7 /* steeringWheel.png */; };
		2101E062182D824E003483F7 /* steeringWheel.png in Resources */ = {isa = PBXBuildFile; fileRef = 2101E060182D824E003483F7 /* steeringWheel.png */; };
		2101E065182D83FD003483F7 /* UIView+Toast.m in Sources */ = {isa = PBXBuildFile; fileRef = 2101E064182D83FD003483F7 /* UIView+Toast.m */; };
		2101E066182D83FD003483F7 /* UIView+Toast.m in Sources */ = {isa = PBXBuildFile; fileRef = 2101E064182D83FD003483F7 /* UIView+Toast.m */; };
		2101E06A182D9AE9003483F7 /* MapKit.framework in Frameworks */ = {isa = PBXBuildFile; fileRef = 2101E069182D9AE9003483F7 /* MapKit.framework */; };
		2101E06C182D9AF2003483F7 /* CoreLocation.framework in Frameworks */ = {isa = PBXBuildFile; fileRef = 2101E06B182D9AF2003483F7 /* CoreLocation.framework */; };
		2101E06F182ECCD9003483F7 /* MapViewController.m in Sources */ = {isa = PBXBuildFile; fileRef = 2101E06E182ECCD9003483F7 /* MapViewController.m */; };
		2101E070182ECCD9003483F7 /* MapViewController.m in Sources */ = {isa = PBXBuildFile; fileRef = 2101E06E182ECCD9003483F7 /* MapViewController.m */; };
		2101E072182ED27D003483F7 /* pin.png in Resources */ = {isa = PBXBuildFile; fileRef = 2101E071182ED27D003483F7 /* pin.png */; };
		2101E073182ED27D003483F7 /* pin.png in Resources */ = {isa = PBXBuildFile; fileRef = 2101E071182ED27D003483F7 /* pin.png */; };
/* End PBXBuildFile section */

/* Begin PBXContainerItemProxy section */
		2101E025182C098A003483F7 /* PBXContainerItemProxy */ = {
			isa = PBXContainerItemProxy;
			containerPortal = 2101DFF7182C0989003483F7 /* Project object */;
			proxyType = 1;
			remoteGlobalIDString = 2101DFFE182C0989003483F7;
			remoteInfo = GPSApp;
		};
/* End PBXContainerItemProxy section */

/* Begin PBXFileReference section */
		2101DFFF182C0989003483F7 /* GPSApp.app */ = {isa = PBXFileReference; explicitFileType = wrapper.application; includeInIndex = 0; path = GPSApp.app; sourceTree = BUILT_PRODUCTS_DIR; };
		2101E002182C0989003483F7 /* Foundation.framework */ = {isa = PBXFileReference; lastKnownFileType = wrapper.framework; name = Foundation.framework; path = System/Library/Frameworks/Foundation.framework; sourceTree = SDKROOT; };
		2101E004182C0989003483F7 /* CoreGraphics.framework */ = {isa = PBXFileReference; lastKnownFileType = wrapper.framework; name = CoreGraphics.framework; path = System/Library/Frameworks/CoreGraphics.framework; sourceTree = SDKROOT; };
		2101E006182C0989003483F7 /* UIKit.framework */ = {isa = PBXFileReference; lastKnownFileType = wrapper.framework; name = UIKit.framework; path = System/Library/Frameworks/UIKit.framework; sourceTree = SDKROOT; };
		2101E00A182C0989003483F7 /* GPSApp-Info.plist */ = {isa = PBXFileReference; lastKnownFileType = text.plist.xml; path = "GPSApp-Info.plist"; sourceTree = "<group>"; };
		2101E00C182C0989003483F7 /* en */ = {isa = PBXFileReference; lastKnownFileType = text.plist.strings; name = en; path = en.lproj/InfoPlist.strings; sourceTree = "<group>"; };
		2101E00E182C0989003483F7 /* main.m */ = {isa = PBXFileReference; lastKnownFileType = sourcecode.c.objc; path = main.m; sourceTree = "<group>"; };
		2101E010182C0989003483F7 /* GPSApp-Prefix.pch */ = {isa = PBXFileReference; lastKnownFileType = sourcecode.c.h; path = "GPSApp-Prefix.pch"; sourceTree = "<group>"; };
		2101E011182C0989003483F7 /* AppDelegate.h */ = {isa = PBXFileReference; lastKnownFileType = sourcecode.c.h; path = AppDelegate.h; sourceTree = "<group>"; };
		2101E012182C0989003483F7 /* AppDelegate.m */ = {isa = PBXFileReference; lastKnownFileType = sourcecode.c.objc; path = AppDelegate.m; sourceTree = "<group>"; };
		2101E015182C098A003483F7 /* Base */ = {isa = PBXFileReference; lastKnownFileType = file.storyboard; name = Base; path = Base.lproj/Main.storyboard; sourceTree = "<group>"; };
		2101E017182C098A003483F7 /* GPSViewController.h */ = {isa = PBXFileReference; lastKnownFileType = sourcecode.c.h; path = GPSViewController.h; sourceTree = "<group>"; };
		2101E018182C098A003483F7 /* GPSViewController.m */ = {isa = PBXFileReference; lastKnownFileType = sourcecode.c.objc; path = GPSViewController.m; sourceTree = "<group>"; };
		2101E01A182C098A003483F7 /* Images.xcassets */ = {isa = PBXFileReference; lastKnownFileType = folder.assetcatalog; path = Images.xcassets; sourceTree = "<group>"; };
		2101E020182C098A003483F7 /* GPSAppTests.xctest */ = {isa = PBXFileReference; explicitFileType = wrapper.cfbundle; includeInIndex = 0; path = GPSAppTests.xctest; sourceTree = BUILT_PRODUCTS_DIR; };
		2101E021182C098A003483F7 /* XCTest.framework */ = {isa = PBXFileReference; lastKnownFileType = wrapper.framework; name = XCTest.framework; path = Library/Frameworks/XCTest.framework; sourceTree = DEVELOPER_DIR; };
		2101E029182C098A003483F7 /* GPSAppTests-Info.plist */ = {isa = PBXFileReference; lastKnownFileType = text.plist.xml; path = "GPSAppTests-Info.plist"; sourceTree = "<group>"; };
		2101E02B182C098A003483F7 /* en */ = {isa = PBXFileReference; lastKnownFileType = text.plist.strings; name = en; path = en.lproj/InfoPlist.strings; sourceTree = "<group>"; };
		2101E02D182C098A003483F7 /* GPSAppTests.m */ = {isa = PBXFileReference; lastKnownFileType = sourcecode.c.objc; path = GPSAppTests.m; sourceTree = "<group>"; };
		2101E03B182C1BFA003483F7 /* GCDAsyncUdpSocket.m */ = {isa = PBXFileReference; fileEncoding = 4; lastKnownFileType = sourcecode.c.objc; path = GCDAsyncUdpSocket.m; sourceTree = "<group>"; };
		2101E03C182C1BFA003483F7 /* GCDAsyncUdpSocket.h */ = {isa = PBXFileReference; fileEncoding = 4; lastKnownFileType = sourcecode.c.h; path = GCDAsyncUdpSocket.h; sourceTree = "<group>"; };
		2101E040182C61B8003483F7 /* CLLocation+Bearing.h */ = {isa = PBXFileReference; fileEncoding = 4; lastKnownFileType = sourcecode.c.h; path = "CLLocation+Bearing.h"; sourceTree = "<group>"; };
		2101E041182C61B8003483F7 /* CLLocation+Bearing.m */ = {isa = PBXFileReference; fileEncoding = 4; lastKnownFileType = sourcecode.c.objc; path = "CLLocation+Bearing.m"; sourceTree = "<group>"; };
		2101E044182C9444003483F7 /* Green_Arrow.png */ = {isa = PBXFileReference; lastKnownFileType = image.png; path = Green_Arrow.png; sourceTree = "<group>"; };
		2101E048182D6EB1003483F7 /* stop.png */ = {isa = PBXFileReference; lastKnownFileType = image.png; path = stop.png; sourceTree = "<group>"; };
		2101E04D182D7110003483F7 /* left_arrow.png */ = {isa = PBXFileReference; lastKnownFileType = image.png; path = left_arrow.png; sourceTree = "<group>"; };
		2101E04E182D7110003483F7 /* down_arrow.png */ = {isa = PBXFileReference; lastKnownFileType = image.png; path = down_arrow.png; sourceTree = "<group>"; };
		2101E04F182D7110003483F7 /* right_arrow.png */ = {isa = PBXFileReference; lastKnownFileType = image.png; path = right_arrow.png; sourceTree = "<group>"; };
		2101E050182D7110003483F7 /* up_arrow.png */ = {isa = PBXFileReference; lastKnownFileType = image.png; path = up_arrow.png; sourceTree = "<group>"; };
		2101E059182D72CC003483F7 /* RemoteControlViewController.h */ = {isa = PBXFileReference; fileEncoding = 4; lastKnownFileType = sourcecode.c.h; path = RemoteControlViewController.h; sourceTree = "<group>"; };
		2101E05A182D72CC003483F7 /* RemoteControlViewController.m */ = {isa = PBXFileReference; fileEncoding = 4; lastKnownFileType = sourcecode.c.objc; path = RemoteControlViewController.m; sourceTree = "<group>"; };
		2101E05D182D7F6E003483F7 /* earth.png */ = {isa = PBXFileReference; lastKnownFileType = image.png; path = earth.png; sourceTree = "<group>"; };
		2101E060182D824E003483F7 /* steeringWheel.png */ = {isa = PBXFileReference; lastKnownFileType = image.png; path = steeringWheel.png; sourceTree = "<group>"; };
		2101E063182D83FD003483F7 /* UIView+Toast.h */ = {isa = PBXFileReference; fileEncoding = 4; lastKnownFileType = sourcecode.c.h; path = "UIView+Toast.h"; sourceTree = "<group>"; };
		2101E064182D83FD003483F7 /* UIView+Toast.m */ = {isa = PBXFileReference; fileEncoding = 4; lastKnownFileType = sourcecode.c.objc; path = "UIView+Toast.m"; sourceTree = "<group>"; };
		2101E069182D9AE9003483F7 /* MapKit.framework */ = {isa = PBXFileReference; lastKnownFileType = wrapper.framework; name = MapKit.framework; path = System/Library/Frameworks/MapKit.framework; sourceTree = SDKROOT; };
		2101E06B182D9AF2003483F7 /* CoreLocation.framework */ = {isa = PBXFileReference; lastKnownFileType = wrapper.framework; name = CoreLocation.framework; path = System/Library/Frameworks/CoreLocation.framework; sourceTree = SDKROOT; };
		2101E06D182ECCD9003483F7 /* MapViewController.h */ = {isa = PBXFileReference; fileEncoding = 4; lastKnownFileType = sourcecode.c.h; path = MapViewController.h; sourceTree = "<group>"; };
		2101E06E182ECCD9003483F7 /* MapViewController.m */ = {isa = PBXFileReference; fileEncoding = 4; lastKnownFileType = sourcecode.c.objc; path = MapViewController.m; sourceTree = "<group>"; };
		2101E071182ED27D003483F7 /* pin.png */ = {isa = PBXFileReference; lastKnownFileType = image.png; path = pin.png; sourceTree = "<group>"; };
/* End PBXFileReference section */

/* Begin PBXFrameworksBuildPhase section */
		2101DFFC182C0989003483F7 /* Frameworks */ = {
			isa = PBXFrameworksBuildPhase;
			buildActionMask = 2147483647;
			files = (
				2101E06C182D9AF2003483F7 /* CoreLocation.framework in Frameworks */,
				2101E06A182D9AE9003483F7 /* MapKit.framework in Frameworks */,
				2101E005182C0989003483F7 /* CoreGraphics.framework in Frameworks */,
				2101E007182C0989003483F7 /* UIKit.framework in Frameworks */,
				2101E003182C0989003483F7 /* Foundation.framework in Frameworks */,
			);
			runOnlyForDeploymentPostprocessing = 0;
		};
		2101E01D182C098A003483F7 /* Frameworks */ = {
			isa = PBXFrameworksBuildPhase;
			buildActionMask = 2147483647;
			files = (
				2101E022182C098A003483F7 /* XCTest.framework in Frameworks */,
				2101E024182C098A003483F7 /* UIKit.framework in Frameworks */,
				2101E023182C098A003483F7 /* Foundation.framework in Frameworks */,
			);
			runOnlyForDeploymentPostprocessing = 0;
		};
/* End PBXFrameworksBuildPhase section */

/* Begin PBXGroup section */
		2101DFF6182C0989003483F7 = {
			isa = PBXGroup;
			children = (
				2101E008182C0989003483F7 /* GPSApp */,
				2101E027182C098A003483F7 /* GPSAppTests */,
				2101E001182C0989003483F7 /* Frameworks */,
				2101E000182C0989003483F7 /* Products */,
			);
			sourceTree = "<group>";
		};
		2101E000182C0989003483F7 /* Products */ = {
			isa = PBXGroup;
			children = (
				2101DFFF182C0989003483F7 /* GPSApp.app */,
				2101E020182C098A003483F7 /* GPSAppTests.xctest */,
			);
			name = Products;
			sourceTree = "<group>";
		};
		2101E001182C0989003483F7 /* Frameworks */ = {
			isa = PBXGroup;
			children = (
				2101E06B182D9AF2003483F7 /* CoreLocation.framework */,
				2101E069182D9AE9003483F7 /* MapKit.framework */,
				2101E002182C0989003483F7 /* Foundation.framework */,
				2101E004182C0989003483F7 /* CoreGraphics.framework */,
				2101E006182C0989003483F7 /* UIKit.framework */,
				2101E021182C098A003483F7 /* XCTest.framework */,
			);
			name = Frameworks;
			sourceTree = "<group>";
		};
		2101E008182C0989003483F7 /* GPSApp */ = {
			isa = PBXGroup;
			children = (
				2101E011182C0989003483F7 /* AppDelegate.h */,
				2101E012182C0989003483F7 /* AppDelegate.m */,
				2101E03C182C1BFA003483F7 /* GCDAsyncUdpSocket.h */,
				2101E03B182C1BFA003483F7 /* GCDAsyncUdpSocket.m */,
				218B7796182FD6AA0068250F /* Categories */,
				218B7797182FD6D20068250F /* ViewControllers */,
				2101E009182C0989003483F7 /* Supporting Files */,
			);
			path = GPSApp;
			sourceTree = "<group>";
		};
		2101E009182C0989003483F7 /* Supporting Files */ = {
			isa = PBXGroup;
			children = (
				2101E014182C098A003483F7 /* Main.storyboard */,
				2101E01A182C098A003483F7 /* Images.xcassets */,
				218B7795182FD6860068250F /* App Images */,
				2101E00A182C0989003483F7 /* GPSApp-Info.plist */,
				2101E00B182C0989003483F7 /* InfoPlist.strings */,
				2101E00E182C0989003483F7 /* main.m */,
				2101E010182C0989003483F7 /* GPSApp-Prefix.pch */,
			);
			name = "Supporting Files";
			sourceTree = "<group>";
		};
		2101E027182C098A003483F7 /* GPSAppTests */ = {
			isa = PBXGroup;
			children = (
				2101E02D182C098A003483F7 /* GPSAppTests.m */,
				2101E028182C098A003483F7 /* Supporting Files */,
			);
			path = GPSAppTests;
			sourceTree = "<group>";
		};
		2101E028182C098A003483F7 /* Supporting Files */ = {
			isa = PBXGroup;
			children = (
				2101E029182C098A003483F7 /* GPSAppTests-Info.plist */,
				2101E02A182C098A003483F7 /* InfoPlist.strings */,
			);
			name = "Supporting Files";
			sourceTree = "<group>";
		};
		218B7795182FD6860068250F /* App Images */ = {
			isa = PBXGroup;
			children = (
				2101E05D182D7F6E003483F7 /* earth.png */,
				2101E060182D824E003483F7 /* steeringWheel.png */,
				2101E071182ED27D003483F7 /* pin.png */,
				2101E044182C9444003483F7 /* Green_Arrow.png */,
				2101E04D182D7110003483F7 /* left_arrow.png */,
				2101E04E182D7110003483F7 /* down_arrow.png */,
				2101E04F182D7110003483F7 /* right_arrow.png */,
				2101E050182D7110003483F7 /* up_arrow.png */,
				2101E048182D6EB1003483F7 /* stop.png */,
			);
			name = "App Images";
			sourceTree = "<group>";
		};
		218B7796182FD6AA0068250F /* Categories */ = {
			isa = PBXGroup;
			children = (
				2101E040182C61B8003483F7 /* CLLocation+Bearing.h */,
				2101E041182C61B8003483F7 /* CLLocation+Bearing.m */,
				2101E063182D83FD003483F7 /* UIView+Toast.h */,
				2101E064182D83FD003483F7 /* UIView+Toast.m */,
			);
			name = Categories;
			sourceTree = "<group>";
		};
		218B7797182FD6D20068250F /* ViewControllers */ = {
			isa = PBXGroup;
			children = (
				2101E017182C098A003483F7 /* GPSViewController.h */,
				2101E018182C098A003483F7 /* GPSViewController.m */,
				2101E059182D72CC003483F7 /* RemoteControlViewController.h */,
				2101E05A182D72CC003483F7 /* RemoteControlViewController.m */,
				2101E06D182ECCD9003483F7 /* MapViewController.h */,
				2101E06E182ECCD9003483F7 /* MapViewController.m */,
			);
			name = ViewControllers;
			sourceTree = "<group>";
		};
/* End PBXGroup section */

/* Begin PBXNativeTarget section */
		2101DFFE182C0989003483F7 /* GPSApp */ = {
			isa = PBXNativeTarget;
			buildConfigurationList = 2101E031182C098A003483F7 /* Build configuration list for PBXNativeTarget "GPSApp" */;
			buildPhases = (
				2101DFFB182C0989003483F7 /* Sources */,
				2101DFFC182C0989003483F7 /* Frameworks */,
				2101DFFD182C0989003483F7 /* Resources */,
			);
			buildRules = (
			);
			dependencies = (
			);
			name = GPSApp;
			productName = GPSApp;
			productReference = 2101DFFF182C0989003483F7 /* GPSApp.app */;
			productType = "com.apple.product-type.application";
		};
		2101E01F182C098A003483F7 /* GPSAppTests */ = {
			isa = PBXNativeTarget;
			buildConfigurationList = 2101E034182C098A003483F7 /* Build configuration list for PBXNativeTarget "GPSAppTests" */;
			buildPhases = (
				2101E01C182C098A003483F7 /* Sources */,
				2101E01D182C098A003483F7 /* Frameworks */,
				2101E01E182C098A003483F7 /* Resources */,
			);
			buildRules = (
			);
			dependencies = (
				2101E026182C098A003483F7 /* PBXTargetDependency */,
			);
			name = GPSAppTests;
			productName = GPSAppTests;
			productReference = 2101E020182C098A003483F7 /* GPSAppTests.xctest */;
			productType = "com.apple.product-type.bundle.unit-test";
		};
/* End PBXNativeTarget section */

/* Begin PBXProject section */
		2101DFF7182C0989003483F7 /* Project object */ = {
			isa = PBXProject;
			attributes = {
				LastUpgradeCheck = 0500;
				ORGANIZATIONNAME = "Embedded Systems";
				TargetAttributes = {
					2101E01F182C098A003483F7 = {
						TestTargetID = 2101DFFE182C0989003483F7;
					};
				};
			};
			buildConfigurationList = 2101DFFA182C0989003483F7 /* Build configuration list for PBXProject "GPSApp" */;
			compatibilityVersion = "Xcode 3.2";
			developmentRegion = English;
			hasScannedForEncodings = 0;
			knownRegions = (
				en,
				Base,
			);
			mainGroup = 2101DFF6182C0989003483F7;
			productRefGroup = 2101E000182C0989003483F7 /* Products */;
			projectDirPath = "";
			projectRoot = "";
			targets = (
				2101DFFE182C0989003483F7 /* GPSApp */,
				2101E01F182C098A003483F7 /* GPSAppTests */,
			);
		};
/* End PBXProject section */

/* Begin PBXResourcesBuildPhase section */
		2101DFFD182C0989003483F7 /* Resources */ = {
			isa = PBXResourcesBuildPhase;
			buildActionMask = 2147483647;
			files = (
				2101E01B182C098A003483F7 /* Images.xcassets in Resources */,
				2101E045182C9444003483F7 /* Green_Arrow.png in Resources */,
				2101E057182D7110003483F7 /* up_arrow.png in Resources */,
				2101E055182D7110003483F7 /* right_arrow.png in Resources */,
				2101E051182D7110003483F7 /* left_arrow.png in Resources */,
				2101E053182D7110003483F7 /* down_arrow.png in Resources */,
				2101E05E182D7F6E003483F7 /* earth.png in Resources */,
				2101E061182D824E003483F7 /* steeringWheel.png in Resources */,
				2101E00D182C0989003483F7 /* InfoPlist.strings in Resources */,
				2101E072182ED27D003483F7 /* pin.png in Resources */,
				2101E016182C098A003483F7 /* Main.storyboard in Resources */,
				2101E04B182D6EB1003483F7 /* stop.png in Resources */,
			);
			runOnlyForDeploymentPostprocessing = 0;
		};
		2101E01E182C098A003483F7 /* Resources */ = {
			isa = PBXResourcesBuildPhase;
			buildActionMask = 2147483647;
			files = (
				2101E05F182D7F6E003483F7 /* earth.png in Resources */,
				2101E02C182C098A003483F7 /* InfoPlist.strings in Resources */,
				2101E04C182D6EB1003483F7 /* stop.png in Resources */,
				2101E073182ED27D003483F7 /* pin.png in Resources */,
				2101E052182D7110003483F7 /* left_arrow.png in Resources */,
				2101E046182C9444003483F7 /* Green_Arrow.png in Resources */,
				2101E056182D7110003483F7 /* right_arrow.png in Resources */,
				2101E058182D7110003483F7 /* up_arrow.png in Resources */,
				2101E062182D824E003483F7 /* steeringWheel.png in Resources */,
				2101E054182D7110003483F7 /* down_arrow.png in Resources */,
			);
			runOnlyForDeploymentPostprocessing = 0;
		};
/* End PBXResourcesBuildPhase section */

/* Begin PBXSourcesBuildPhase section */
		2101DFFB182C0989003483F7 /* Sources */ = {
			isa = PBXSourcesBuildPhase;
			buildActionMask = 2147483647;
			files = (
				2101E03D182C1BFA003483F7 /* GCDAsyncUdpSocket.m in Sources */,
				2101E042182C61B8003483F7 /* CLLocation+Bearing.m in Sources */,
				2101E05B182D72CC003483F7 /* RemoteControlViewController.m in Sources */,
				2101E06F182ECCD9003483F7 /* MapViewController.m in Sources */,
				2101E019182C098A003483F7 /* GPSViewController.m in Sources */,
				2101E065182D83FD003483F7 /* UIView+Toast.m in Sources */,
				2101E013182C0989003483F7 /* AppDelegate.m in Sources */,
				2101E00F182C0989003483F7 /* main.m in Sources */,
			);
			runOnlyForDeploymentPostprocessing = 0;
		};
		2101E01C182C098A003483F7 /* Sources */ = {
			isa = PBXSourcesBuildPhase;
			buildActionMask = 2147483647;
			files = (
				2101E05C182D72CC003483F7 /* RemoteControlViewController.m in Sources */,
				2101E03E182C1BFA003483F7 /* GCDAsyncUdpSocket.m in Sources */,
				2101E02E182C098A003483F7 /* GPSAppTests.m in Sources */,
				2101E070182ECCD9003483F7 /* MapViewController.m in Sources */,
				2101E066182D83FD003483F7 /* UIView+Toast.m in Sources */,
				2101E043182C61B8003483F7 /* CLLocation+Bearing.m in Sources */,
			);
			runOnlyForDeploymentPostprocessing = 0;
		};
/* End PBXSourcesBuildPhase section */

/* Begin PBXTargetDependency section */
		2101E026182C098A003483F7 /* PBXTargetDependency */ = {
			isa = PBXTargetDependency;
			target = 2101DFFE182C0989003483F7 /* GPSApp */;
			targetProxy = 2101E025182C098A003483F7 /* PBXContainerItemProxy */;
		};
/* End PBXTargetDependency section */

/* Begin PBXVariantGroup section */
		2101E00B182C0989003483F7 /* InfoPlist.strings */ = {
			isa = PBXVariantGroup;
			children = (
				2101E00C182C0989003483F7 /* en */,
			);
			name = InfoPlist.strings;
			sourceTree = "<group>";
		};
		2101E014182C098A003483F7 /* Main.storyboard */ = {
			isa = PBXVariantGroup;
			children = (
				2101E015182C098A003483F7 /* Base */,
			);
			name = Main.storyboard;
			sourceTree = "<group>";
		};
		2101E02A182C098A003483F7 /* InfoPlist.strings */ = {
			isa = PBXVariantGroup;
			children = (
				2101E02B182C098A003483F7 /* en */,
			);
			name = InfoPlist.strings;
			sourceTree = "<group>";
		};
/* End PBXVariantGroup section */

/* Begin XCBuildConfiguration section */
		2101E02F182C098A003483F7 /* Debug */ = {
			isa = XCBuildConfiguration;
			buildSettings = {
				ALWAYS_SEARCH_USER_PATHS = NO;
				ARCHS = "$(ARCHS_STANDARD_INCLUDING_64_BIT)";
				CLANG_CXX_LANGUAGE_STANDARD = "gnu++0x";
				CLANG_CXX_LIBRARY = "libc++";
				CLANG_ENABLE_MODULES = YES;
				CLANG_ENABLE_OBJC_ARC = YES;
				CLANG_WARN_BOOL_CONVERSION = YES;
				CLANG_WARN_CONSTANT_CONVERSION = YES;
				CLANG_WARN_DIRECT_OBJC_ISA_USAGE = YES_ERROR;
				CLANG_WARN_EMPTY_BODY = YES;
				CLANG_WARN_ENUM_CONVERSION = YES;
				CLANG_WARN_INT_CONVERSION = YES;
				CLANG_WARN_OBJC_ROOT_CLASS = YES_ERROR;
				CLANG_WARN__DUPLICATE_METHOD_MATCH = YES;
				"CODE_SIGN_IDENTITY[sdk=iphoneos*]" = "iPhone Developer";
				COPY_PHASE_STRIP = NO;
				GCC_C_LANGUAGE_STANDARD = gnu99;
				GCC_DYNAMIC_NO_PIC = NO;
				GCC_OPTIMIZATION_LEVEL = 0;
				GCC_PREPROCESSOR_DEFINITIONS = (
					"DEBUG=1",
					"$(inherited)",
				);
				GCC_SYMBOLS_PRIVATE_EXTERN = NO;
				GCC_WARN_64_TO_32_BIT_CONVERSION = YES;
				GCC_WARN_ABOUT_RETURN_TYPE = YES_ERROR;
				GCC_WARN_UNDECLARED_SELECTOR = YES;
				GCC_WARN_UNINITIALIZED_AUTOS = YES;
				GCC_WARN_UNUSED_FUNCTION = YES;
				GCC_WARN_UNUSED_VARIABLE = YES;
				IPHONEOS_DEPLOYMENT_TARGET = 7.0;
				ONLY_ACTIVE_ARCH = YES;
				SDKROOT = iphoneos;
			};
			name = Debug;
		};
		2101E030182C098A003483F7 /* Release */ = {
			isa = XCBuildConfiguration;
			buildSettings = {
				ALWAYS_SEARCH_USER_PATHS = NO;
				ARCHS = "$(ARCHS_STANDARD_INCLUDING_64_BIT)";
				CLANG_CXX_LANGUAGE_STANDARD = "gnu++0x";
				CLANG_CXX_LIBRARY = "libc++";
				CLANG_ENABLE_MODULES = YES;
				CLANG_ENABLE_OBJC_ARC = YES;
				CLANG_WARN_BOOL_CONVERSION = YES;
				CLANG_WARN_CONSTANT_CONVERSION = YES;
				CLANG_WARN_DIRECT_OBJC_ISA_USAGE = YES_ERROR;
				CLANG_WARN_EMPTY_BODY = YES;
				CLANG_WARN_ENUM_CONVERSION = YES;
				CLANG_WARN_INT_CONVERSION = YES;
				CLANG_WARN_OBJC_ROOT_CLASS = YES_ERROR;
				CLANG_WARN__DUPLICATE_METHOD_MATCH = YES;
				"CODE_SIGN_IDENTITY[sdk=iphoneos*]" = "iPhone Developer";
				COPY_PHASE_STRIP = YES;
				ENABLE_NS_ASSERTIONS = NO;
				GCC_C_LANGUAGE_STANDARD = gnu99;
				GCC_WARN_64_TO_32_BIT_CONVERSION = YES;
				GCC_WARN_ABOUT_RETURN_TYPE = YES_ERROR;
				GCC_WARN_UNDECLARED_SELECTOR = YES;
				GCC_WARN_UNINITIALIZED_AUTOS = YES;
				GCC_WARN_UNUSED_FUNCTION = YES;
				GCC_WARN_UNUSED_VARIABLE = YES;
				IPHONEOS_DEPLOYMENT_TARGET = 7.0;
				SDKROOT = iphoneos;
				VALIDATE_PRODUCT = YES;
			};
			name = Release;
		};
		2101E032182C098A003483F7 /* Debug */ = {
			isa = XCBuildConfiguration;
			buildSettings = {
				ASSETCATALOG_COMPILER_APPICON_NAME = AppIcon;
				ASSETCATALOG_COMPILER_LAUNCHIMAGE_NAME = LaunchImage;
				GCC_PRECOMPILE_PREFIX_HEADER = YES;
				GCC_PREFIX_HEADER = "GPSApp/GPSApp-Prefix.pch";
				INFOPLIST_FILE = "GPSApp/GPSApp-Info.plist";
				PRODUCT_NAME = "$(TARGET_NAME)";
				WRAPPER_EXTENSION = app;
			};
			name = Debug;
		};
		2101E033182C098A003483F7 /* Release */ = {
			isa = XCBuildConfiguration;
			buildSettings = {
				ASSETCATALOG_COMPILER_APPICON_NAME = AppIcon;
				ASSETCATALOG_COMPILER_LAUNCHIMAGE_NAME = LaunchImage;
				GCC_PRECOMPILE_PREFIX_HEADER = YES;
				GCC_PREFIX_HEADER = "GPSApp/GPSApp-Prefix.pch";
				INFOPLIST_FILE = "GPSApp/GPSApp-Info.plist";
				PRODUCT_NAME = "$(TARGET_NAME)";
				WRAPPER_EXTENSION = app;
			};
			name = Release;
		};
		2101E035182C098A003483F7 /* Debug */ = {
			isa = XCBuildConfiguration;
			buildSettings = {
				ARCHS = "$(ARCHS_STANDARD_INCLUDING_64_BIT)";
				BUNDLE_LOADER = "$(BUILT_PRODUCTS_DIR)/GPSApp.app/GPSApp";
				FRAMEWORK_SEARCH_PATHS = (
					"$(SDKROOT)/Developer/Library/Frameworks",
					"$(inherited)",
					"$(DEVELOPER_FRAMEWORKS_DIR)",
				);
				GCC_PRECOMPILE_PREFIX_HEADER = YES;
				GCC_PREFIX_HEADER = "GPSApp/GPSApp-Prefix.pch";
				GCC_PREPROCESSOR_DEFINITIONS = (
					"DEBUG=1",
					"$(inherited)",
				);
				INFOPLIST_FILE = "GPSAppTests/GPSAppTests-Info.plist";
				PRODUCT_NAME = "$(TARGET_NAME)";
				TEST_HOST = "$(BUNDLE_LOADER)";
				WRAPPER_EXTENSION = xctest;
			};
			name = Debug;
		};
		2101E036182C098A003483F7 /* Release */ = {
			isa = XCBuildConfiguration;
			buildSettings = {
				ARCHS = "$(ARCHS_STANDARD_INCLUDING_64_BIT)";
				BUNDLE_LOADER = "$(BUILT_PRODUCTS_DIR)/GPSApp.app/GPSApp";
				FRAMEWORK_SEARCH_PATHS = (
					"$(SDKROOT)/Developer/Library/Frameworks",
					"$(inherited)",
					"$(DEVELOPER_FRAMEWORKS_DIR)",
				);
				GCC_PRECOMPILE_PREFIX_HEADER = YES;
				GCC_PREFIX_HEADER = "GPSApp/GPSApp-Prefix.pch";
				INFOPLIST_FILE = "GPSAppTests/GPSAppTests-Info.plist";
				PRODUCT_NAME = "$(TARGET_NAME)";
				TEST_HOST = "$(BUNDLE_LOADER)";
				WRAPPER_EXTENSION = xctest;
			};
			name = Release;
		};
/* End XCBuildConfiguration section */

/* Begin XCConfigurationList section */
		2101DFFA182C0989003483F7 /* Build configuration list for PBXProject "GPSApp" */ = {
			isa = XCConfigurationList;
			buildConfigurations = (
				2101E02F182C098A003483F7 /* Debug */,
				2101E030182C098A003483F7 /* Release */,
			);
			defaultConfigurationIsVisible = 0;
			defaultConfigurationName = Release;
		};
		2101E031182C098A003483F7 /* Build configuration list for PBXNativeTarget "GPSApp" */ = {
			isa = XCConfigurationList;
			buildConfigurations = (
				2101E032182C098A003483F7 /* Debug */,
				2101E033182C098A003483F7 /* Release */,
			);
			defaultConfigurationIsVisible = 0;
			defaultConfigurationName = Release;
		};
		2101E034182C098A003483F7 /* Build configuration list for PBXNativeTarget "GPSAppTests" */ = {
			isa = XCConfigurationList;
			buildConfigurations = (
				2101E035182C098A003483F7 /* Debug */,
				2101E036182C098A003483F7 /* Release */,
			);
			defaultConfigurationIsVisible = 0;
			defaultConfigurationName = Release;
		};
/* End XCConfigurationList section */
	};
	rootObject = 2101DFF7182C0989003483F7 /* Project object */;
}
